
Microsoft Visual Studio Solution File, Format Version 12.00
# Visual Studio 15
VisualStudioVersion = 15.0.28307.757
MinimumVisualStudioVersion = 10.0.40219.1
Project("{FAE04EC0-301F-11D3-BF4B-00C04F79EFBC}") = "BasicFileService", "BasicFileService\BasicFileService.csproj", "{544E1B47-6D15-4080-AAA6-F86BC4D7F7CC}"
EndProject
Global
	GlobalSection(SolutionConfigurationPlatforms) = preSolution
		Debug|Any CPU = Debug|Any CPU
		Release|Any CPU = Release|Any CPU
	EndGlobalSection
	GlobalSection(ProjectConfigurationPlatforms) = postSolution
		{544E1B47-6D15-4080-AAA6-F86BC4D7F7CC}.Debug|Any CPU.ActiveCfg = Debug|Any CPU
		{544E1B47-6D15-4080-AAA6-F86BC4D7F7CC}.Debug|Any CPU.Build.0 = Debug|Any CPU
		{544E1B47-6D15-4080-AAA6-F86BC4D7F7CC}.Release|Any CPU.ActiveCfg = Release|Any CPU
		{544E1B47-6D15-4080-AAA6-F86BC4D7F7CC}.Release|Any CPU.Build.0 = Release|Any CPU
	EndGlobalSection
	GlobalSection(SolutionProperties) = preSolution
		HideSolutionNode = FALSE
	EndGlobalSection
	GlobalSection(ExtensibilityGlobals) = postSolution
		SolutionGuid = {F80BE488-4838-4A3C-9B39-D91ED07931B9}
	EndGlobalSection
EndGlobal
